
Microsoft Visual Studio Solution File, Format Version 12.00
# Visual Studio 15
VisualStudioVersion = 15.0.28010.2041
MinimumVisualStudioVersion = 10.0.40219.1
Project("{FAE04EC0-301F-11D3-BF4B-00C04F79EFBC}") = "WinFom项目", "WinFom项目\WinFom项目.csproj", "{9D1803E3-CA4F-4B48-92D8-3D0CF37665D3}"
EndProject
Project("{8BC9CEB8-8B4A-11D0-8D11-00A0C91BC942}") = "DllCPP", "DllCPP\DllCPP.vcxproj", "{EDFF074E-C881-44F6-93E1-FF429BF51329}"
EndProject
Project("{54435603-DBB4-11D2-8724-00A0C9A8B90C}") = "MonTest", "MonTest\MonTest.vdproj", "{5C367793-7A96-49D9-B802-8AD431EC173C}"
EndProject
Global
	GlobalSection(SolutionConfigurationPlatforms) = preSolution
		Debug|Any CPU = Debug|Any CPU
		Debug|x64 = Debug|x64
		Debug|x86 = Debug|x86
		Release|Any CPU = Release|Any CPU
		Release|x64 = Release|x64
		Release|x86 = Release|x86
	EndGlobalSection
	GlobalSection(ProjectConfigurationPlatforms) = postSolution
		{9D1803E3-CA4F-4B48-92D8-3D0CF37665D3}.Debug|Any CPU.ActiveCfg = Debug|Any CPU
		{9D1803E3-CA4F-4B48-92D8-3D0CF37665D3}.Debug|Any CPU.Build.0 = Debug|Any CPU
		{9D1803E3-CA4F-4B48-92D8-3D0CF37665D3}.Debug|x64.ActiveCfg = Debug|Any CPU
		{9D1803E3-CA4F-4B48-92D8-3D0CF37665D3}.Debug|x64.Build.0 = Debug|Any CPU
		{9D1803E3-CA4F-4B48-92D8-3D0CF37665D3}.Debug|x86.ActiveCfg = Debug|Any CPU
		{9D1803E3-CA4F-4B48-92D8-3D0CF37665D3}.Debug|x86.Build.0 = Debug|Any CPU
		{9D1803E3-CA4F-4B48-92D8-3D0CF37665D3}.Release|Any CPU.ActiveCfg = Release|Any CPU
		{9D1803E3-CA4F-4B48-92D8-3D0CF37665D3}.Release|Any CPU.Build.0 = Release|Any CPU
		{9D1803E3-CA4F-4B48-92D8-3D0CF37665D3}.Release|x64.ActiveCfg = Release|Any CPU
		{9D1803E3-CA4F-4B48-92D8-3D0CF37665D3}.Release|x64.Build.0 = Release|Any CPU
		{9D1803E3-CA4F-4B48-92D8-3D0CF37665D3}.Release|x86.ActiveCfg = Release|Any CPU
		{9D1803E3-CA4F-4B48-92D8-3D0CF37665D3}.Release|x86.Build.0 = Release|Any CPU
		{EDFF074E-C881-44F6-93E1-FF429BF51329}.Debug|Any CPU.ActiveCfg = Debug|Win32
		{EDFF074E-C881-44F6-93E1-FF429BF51329}.Debug|x64.ActiveCfg = Debug|x64
		{EDFF074E-C881-44F6-93E1-FF429BF51329}.Debug|x64.Build.0 = Debug|x64
		{EDFF074E-C881-44F6-93E1-FF429BF51329}.Debug|x86.ActiveCfg = Debug|Win32
		{EDFF074E-C881-44F6-93E1-FF429BF51329}.Debug|x86.Build.0 = Debug|Win32
		{EDFF074E-C881-44F6-93E1-FF429BF51329}.Release|Any CPU.ActiveCfg = Release|Win32
		{EDFF074E-C881-44F6-93E1-FF429BF51329}.Release|x64.ActiveCfg = Release|x64
		{EDFF074E-C881-44F6-93E1-FF429BF51329}.Release|x64.Build.0 = Release|x64
		{EDFF074E-C881-44F6-93E1-FF429BF51329}.Release|x86.ActiveCfg = Release|Win32
		{EDFF074E-C881-44F6-93E1-FF429BF51329}.Release|x86.Build.0 = Release|Win32
		{5C367793-7A96-49D9-B802-8AD431EC173C}.Debug|Any CPU.ActiveCfg = Debug
		{5C367793-7A96-49D9-B802-8AD431EC173C}.Debug|x64.ActiveCfg = Debug
		{5C367793-7A96-49D9-B802-8AD431EC173C}.Debug|x86.ActiveCfg = Debug
		{5C367793-7A96-49D9-B802-8AD431EC173C}.Release|Any CPU.ActiveCfg = Release
		{5C367793-7A96-49D9-B802-8AD431EC173C}.Release|x64.ActiveCfg = Release
		{5C367793-7A96-49D9-B802-8AD431EC173C}.Release|x86.ActiveCfg = Release
	EndGlobalSection
	GlobalSection(SolutionProperties) = preSolution
		HideSolutionNode = FALSE
	EndGlobalSection
	GlobalSection(ExtensibilityGlobals) = postSolution
		SolutionGuid = {6E2BA8BA-996A-4344-9D47-455088B97765}
	EndGlobalSection
EndGlobal
